
Microsoft Visual Studio Solution File, Format Version 12.00
# Visual Studio Version 17
VisualStudioVersion = 17.4.33213.308
MinimumVisualStudioVersion = 10.0.40219.1
Project("{9A19103F-16F7-4668-BE54-9A1E7A4F7556}") = "ApiCatalogo", "ApiCatalogo\ApiCatalogo.csproj", "{2A46D7C1-7587-42A3-AE04-EDD8A39C7F4A}"
EndProject
Project("{FAE04EC0-301F-11D3-BF4B-00C04F79EFBC}") = "ApiCatalogoXUnitTestes", "ApiCatalogoXUnitTestes\ApiCatalogoXUnitTestes.csproj", "{32F3C693-296F-4C0F-8310-074022D81129}"
EndProject
Global
	GlobalSection(SolutionConfigurationPlatforms) = preSolution
		Debug|Any CPU = Debug|Any CPU
		Release|Any CPU = Release|Any CPU
	EndGlobalSection
	GlobalSection(ProjectConfigurationPlatforms) = postSolution
		{2A46D7C1-7587-42A3-AE04-EDD8A39C7F4A}.Debug|Any CPU.ActiveCfg = Debug|Any CPU
		{2A46D7C1-7587-42A3-AE04-EDD8A39C7F4A}.Debug|Any CPU.Build.0 = Debug|Any CPU
		{2A46D7C1-7587-42A3-AE04-EDD8A39C7F4A}.Release|Any CPU.ActiveCfg = Release|Any CPU
		{2A46D7C1-7587-42A3-AE04-EDD8A39C7F4A}.Release|Any CPU.Build.0 = Release|Any CPU
		{32F3C693-296F-4C0F-8310-074022D81129}.Debug|Any CPU.ActiveCfg = Debug|Any CPU
		{32F3C693-296F-4C0F-8310-074022D81129}.Debug|Any CPU.Build.0 = Debug|Any CPU
		{32F3C693-296F-4C0F-8310-074022D81129}.Release|Any CPU.ActiveCfg = Release|Any CPU
		{32F3C693-296F-4C0F-8310-074022D81129}.Release|Any CPU.Build.0 = Release|Any CPU
	EndGlobalSection
	GlobalSection(SolutionProperties) = preSolution
		HideSolutionNode = FALSE
	EndGlobalSection
	GlobalSection(ExtensibilityGlobals) = postSolution
		SolutionGuid = {B6464E47-7B91-40B1-9AA7-B73C5A91EBB1}
	EndGlobalSection
EndGlobal
